
Microsoft Visual Studio Solution File, Format Version 12.00
# Visual Studio Version 17
VisualStudioVersion = 17.1.32228.430
MinimumVisualStudioVersion = 10.0.40219.1
Project("{FAE04EC0-301F-11D3-BF4B-00C04F79EFBC}") = "Task1", "Task1\Task1.csproj", "{BB7710E2-14CA-4598-8DF7-25BC42F2EBD9}"
EndProject
Global
	GlobalSection(SolutionConfigurationPlatforms) = preSolution
		Debug|Any CPU = Debug|Any CPU
		Release|Any CPU = Release|Any CPU
	EndGlobalSection
	GlobalSection(ProjectConfigurationPlatforms) = postSolution
		{BB7710E2-14CA-4598-8DF7-25BC42F2EBD9}.Debug|Any CPU.ActiveCfg = Debug|Any CPU
		{BB7710E2-14CA-4598-8DF7-25BC42F2EBD9}.Debug|Any CPU.Build.0 = Debug|Any CPU
		{BB7710E2-14CA-4598-8DF7-25BC42F2EBD9}.Release|Any CPU.ActiveCfg = Release|Any CPU
		{BB7710E2-14CA-4598-8DF7-25BC42F2EBD9}.Release|Any CPU.Build.0 = Release|Any CPU
	EndGlobalSection
	GlobalSection(SolutionProperties) = preSolution
		HideSolutionNode = FALSE
	EndGlobalSection
	GlobalSection(ExtensibilityGlobals) = postSolution
		SolutionGuid = {3759A38D-BBEE-4633-8483-36776CBE19F5}
	EndGlobalSection
EndGlobal
